
Microsoft Visual Studio Solution File, Format Version 12.00
# Visual Studio Version 17
VisualStudioVersion = 17.10.34928.147
MinimumVisualStudioVersion = 10.0.40219.1
Project("{FAE04EC0-301F-11D3-BF4B-00C04F79EFBC}") = "parrucchiera", "parrucchiera\parrucchiera.csproj", "{2CBCAD79-C456-4E36-81FE-B4C0592D7377}"
EndProject
Global
	GlobalSection(SolutionConfigurationPlatforms) = preSolution
		Debug|Any CPU = Debug|Any CPU
		Release|Any CPU = Release|Any CPU
	EndGlobalSection
	GlobalSection(ProjectConfigurationPlatforms) = postSolution
		{2CBCAD79-C456-4E36-81FE-B4C0592D7377}.Debug|Any CPU.ActiveCfg = Debug|Any CPU
		{2CBCAD79-C456-4E36-81FE-B4C0592D7377}.Debug|Any CPU.Build.0 = Debug|Any CPU
		{2CBCAD79-C456-4E36-81FE-B4C0592D7377}.Release|Any CPU.ActiveCfg = Release|Any CPU
		{2CBCAD79-C456-4E36-81FE-B4C0592D7377}.Release|Any CPU.Build.0 = Release|Any CPU
	EndGlobalSection
	GlobalSection(SolutionProperties) = preSolution
		HideSolutionNode = FALSE
	EndGlobalSection
	GlobalSection(ExtensibilityGlobals) = postSolution
		SolutionGuid = {07021CE7-3980-404C-9471-6B8966A09328}
	EndGlobalSection
EndGlobal
